{
  "version": 1,
  "objects": {
    "app:tool_library": {
      "guid": "1b5b32d777b6fe488c6578a6eeb5c9f1",
      "canonical": "tools",
      "canonical_source": "code"
    },
    "dbo:item": {
      "guid": "6af51aa538418a14f613d30184410c9d"
    },
    "query:tool_library|GET|items": {
      "guid": "7669e7265cb71e060de45974adf368d8"
    }
  }
}
